// !$*UTF8*$!
{
	archiveVersion = 1;
	classes = {
	};
	objectVersion = 46;
	objects = {

/* Begin PBXBuildFile section */
		EFE3EA721ED68DB30057B749 /* main.m in Sources */ = {isa = PBXBuildFile; fileRef = EFE3EA711ED68DB30057B749 /* main.m */; };
		EFE3EA751ED68DB30057B749 /* AppDelegate.mm in Sources */ = {isa = PBXBuildFile; fileRef = EFE3EA741ED68DB30057B749 /* AppDelegate.mm */; };
		EFE3EA781ED68DB30057B749 /* ViewController.m in Sources */ = {isa = PBXBuildFile; fileRef = EFE3EA771ED68DB30057B749 /* ViewController.m */; };
		EFE3EA7B1ED68DB30057B749 /* Main.storyboard in Resources */ = {isa = PBXBuildFile; fileRef = EFE3EA791ED68DB30057B749 /* Main.storyboard */; };
		EFE3EA7D1ED68DB30057B749 /* Assets.xcassets in Resources */ = {isa = PBXBuildFile; fileRef = EFE3EA7C1ED68DB30057B749 /* Assets.xcassets */; };
		EFE3EA801ED68DB30057B749 /* LaunchScreen.storyboard in Resources */ = {isa = PBXBuildFile; fileRef = EFE3EA7E1ED68DB30057B749 /* LaunchScreen.storyboard */; };
		EFE3EAA41ED68E860057B749 /* libBlocks-ObjC.a in Frameworks */ = {isa = PBXBuildFile; fileRef = EFE3EAA31ED68E7A0057B749 /* libBlocks-ObjC.a */; };
		EFE3EAA51ED68E890057B749 /* Accelerate.framework in Frameworks */ = {isa = PBXBuildFile; fileRef = EFE3EA961ED68E140057B749 /* Accelerate.framework */; };
		EFE3EAA61ED68E8D0057B749 /* AVFoundation.framework in Frameworks */ = {isa = PBXBuildFile; fileRef = EFE3EA981ED68E190057B749 /* AVFoundation.framework */; };
		EFE3EAA71ED68E930057B749 /* AudioToolbox.framework in Frameworks */ = {isa = PBXBuildFile; fileRef = EFE3EA9C1ED68E220057B749 /* AudioToolbox.framework */; };
		EFE3EAA81ED68E980057B749 /* CoreMIDI.framework in Frameworks */ = {isa = PBXBuildFile; fileRef = EFE3EA9A1ED68E1E0057B749 /* CoreMIDI.framework */; };
/* End PBXBuildFile section */

/* Begin PBXContainerItemProxy section */
		EFE3EAA21ED68E7A0057B749 /* PBXContainerItemProxy */ = {
			isa = PBXContainerItemProxy;
			containerPortal = EFE3EA9E1ED68E7A0057B749 /* Blocks-ObjC.xcodeproj */;
			proxyType = 2;
			remoteGlobalIDString = 2CA756F072F8F9884739BE50;
			remoteInfo = "Blocks-ObjC - Static Library";
		};
/* End PBXContainerItemProxy section */

/* Begin PBXFileReference section */
		EFE3EA6D1ED68DB30057B749 /* Sample-ObjC.app */ = {isa = PBXFileReference; explicitFileType = wrapper.application; includeInIndex = 0; path = "Sample-ObjC.app"; sourceTree = BUILT_PRODUCTS_DIR; };
		EFE3EA711ED68DB30057B749 /* main.m */ = {isa = PBXFileReference; lastKnownFileType = sourcecode.c.objc; path = main.m; sourceTree = "<group>"; };
		EFE3EA731ED68DB30057B749 /* AppDelegate.h */ = {isa = PBXFileReference; lastKnownFileType = sourcecode.c.h; path = AppDelegate.h; sourceTree = "<group>"; };
		EFE3EA741ED68DB30057B749 /* AppDelegate.mm */ = {isa = PBXFileReference; lastKnownFileType = sourcecode.cpp.objcpp; path = AppDelegate.mm; sourceTree = "<group>"; };
		EFE3EA761ED68DB30057B749 /* ViewController.h */ = {isa = PBXFileReference; lastKnownFileType = sourcecode.c.h; path = ViewController.h; sourceTree = "<group>"; };
		EFE3EA771ED68DB30057B749 /* ViewController.m */ = {isa = PBXFileReference; lastKnownFileType = sourcecode.c.objc; path = ViewController.m; sourceTree = "<group>"; };
		EFE3EA7A1ED68DB30057B749 /* Base */ = {isa = PBXFileReference; lastKnownFileType = file.storyboard; name = Base; path = Base.lproj/Main.storyboard; sourceTree = "<group>"; };
		EFE3EA7C1ED68DB30057B749 /* Assets.xcassets */ = {isa = PBXFileReference; lastKnownFileType = folder.assetcatalog; path = Assets.xcassets; sourceTree = "<group>"; };
		EFE3EA7F1ED68DB30057B749 /* Base */ = {isa = PBXFileReference; lastKnownFileType = file.storyboard; name = Base; path = Base.lproj/LaunchScreen.storyboard; sourceTree = "<group>"; };
		EFE3EA811ED68DB30057B749 /* Info.plist */ = {isa = PBXFileReference; lastKnownFileType = text.plist.xml; path = Info.plist; sourceTree = "<group>"; };
		EFE3EA941ED68E080057B749 /* libBlocks-ObjC.a */ = {isa = PBXFileReference; lastKnownFileType = archive.ar; name = "libBlocks-ObjC.a"; path = "../Blocks-ObjC/Blocks-ObjC/Builds/iOS/build/Debug/libBlocks-ObjC.a"; sourceTree = "<group>"; };
		EFE3EA961ED68E140057B749 /* Accelerate.framework */ = {isa = PBXFileReference; lastKnownFileType = wrapper.framework; name = Accelerate.framework; path = System/Library/Frameworks/Accelerate.framework; sourceTree = SDKROOT; };
		EFE3EA981ED68E190057B749 /* AVFoundation.framework */ = {isa = PBXFileReference; lastKnownFileType = wrapper.framework; name = AVFoundation.framework; path = System/Library/Frameworks/AVFoundation.framework; sourceTree = SDKROOT; };
		EFE3EA9A1ED68E1E0057B749 /* CoreMIDI.framework */ = {isa = PBXFileReference; lastKnownFileType = wrapper.framework; name = CoreMIDI.framework; path = System/Library/Frameworks/CoreMIDI.framework; sourceTree = SDKROOT; };
		EFE3EA9C1ED68E220057B749 /* AudioToolbox.framework */ = {isa = PBXFileReference; lastKnownFileType = wrapper.framework; name = AudioToolbox.framework; path = System/Library/Frameworks/AudioToolbox.framework; sourceTree = SDKROOT; };
		EFE3EA9E1ED68E7A0057B749 /* Blocks-ObjC.xcodeproj */ = {isa = PBXFileReference; lastKnownFileType = "wrapper.pb-project"; name = "Blocks-ObjC.xcodeproj"; path = "../Blocks-ObjC/Blocks-ObjC/Builds/iOS/Blocks-ObjC.xcodeproj"; sourceTree = "<group>"; };
/* End PBXFileReference section */

/* Begin PBXFrameworksBuildPhase section */
		EFE3EA6A1ED68DB30057B749 /* Frameworks */ = {
			isa = PBXFrameworksBuildPhase;
			buildActionMask = 2147483647;
			files = (
				EFE3EAA81ED68E980057B749 /* CoreMIDI.framework in Frameworks */,
				EFE3EAA71ED68E930057B749 /* AudioToolbox.framework in Frameworks */,
				EFE3EAA61ED68E8D0057B749 /* AVFoundation.framework in Frameworks */,
				EFE3EAA51ED68E890057B749 /* Accelerate.framework in Frameworks */,
				EFE3EAA41ED68E860057B749 /* libBlocks-ObjC.a in Frameworks */,
			);
			runOnlyForDeploymentPostprocessing = 0;
		};
/* End PBXFrameworksBuildPhase section */

/* Begin PBXGroup section */
		EFE3EA641ED68DB30057B749 = {
			isa = PBXGroup;
			children = (
				EFE3EA6F1ED68DB30057B749 /* Sample-ObjC */,
				EFE3EA6E1ED68DB30057B749 /* Products */,
				EFE3EA931ED68E080057B749 /* Frameworks */,
				EFE3EA9E1ED68E7A0057B749 /* Blocks-ObjC.xcodeproj */,
			);
			sourceTree = "<group>";
		};
		EFE3EA6E1ED68DB30057B749 /* Products */ = {
			isa = PBXGroup;
			children = (
				EFE3EA6D1ED68DB30057B749 /* Sample-ObjC.app */,
			);
			name = Products;
			sourceTree = "<group>";
		};
		EFE3EA6F1ED68DB30057B749 /* Sample-ObjC */ = {
			isa = PBXGroup;
			children = (
				EFE3EA731ED68DB30057B749 /* AppDelegate.h */,
				EFE3EA741ED68DB30057B749 /* AppDelegate.mm */,
				EFE3EA761ED68DB30057B749 /* ViewController.h */,
				EFE3EA771ED68DB30057B749 /* ViewController.m */,
				EFE3EA791ED68DB30057B749 /* Main.storyboard */,
				EFE3EA7C1ED68DB30057B749 /* Assets.xcassets */,
				EFE3EA7E1ED68DB30057B749 /* LaunchScreen.storyboard */,
				EFE3EA811ED68DB30057B749 /* Info.plist */,
				EFE3EA701ED68DB30057B749 /* Supporting Files */,
			);
			path = "Sample-ObjC";
			sourceTree = "<group>";
		};
		EFE3EA701ED68DB30057B749 /* Supporting Files */ = {
			isa = PBXGroup;
			children = (
				EFE3EA711ED68DB30057B749 /* main.m */,
			);
			name = "Supporting Files";
			sourceTree = "<group>";
		};
		EFE3EA931ED68E080057B749 /* Frameworks */ = {
			isa = PBXGroup;
			children = (
				EFE3EA9C1ED68E220057B749 /* AudioToolbox.framework */,
				EFE3EA9A1ED68E1E0057B749 /* CoreMIDI.framework */,
				EFE3EA981ED68E190057B749 /* AVFoundation.framework */,
				EFE3EA961ED68E140057B749 /* Accelerate.framework */,
				EFE3EA941ED68E080057B749 /* libBlocks-ObjC.a */,
			);
			name = Frameworks;
			sourceTree = "<group>";
		};
		EFE3EA9F1ED68E7A0057B749 /* Products */ = {
			isa = PBXGroup;
			children = (
				EFE3EAA31ED68E7A0057B749 /* libBlocks-ObjC.a */,
			);
			name = Products;
			sourceTree = "<group>";
		};
/* End PBXGroup section */

/* Begin PBXNativeTarget section */
		EFE3EA6C1ED68DB30057B749 /* Sample-ObjC */ = {
			isa = PBXNativeTarget;
			buildConfigurationList = EFE3EA841ED68DB30057B749 /* Build configuration list for PBXNativeTarget "Sample-ObjC" */;
			buildPhases = (
				EFE3EA691ED68DB30057B749 /* Sources */,
				EFE3EA6A1ED68DB30057B749 /* Frameworks */,
				EFE3EA6B1ED68DB30057B749 /* Resources */,
			);
			buildRules = (
			);
			dependencies = (
			);
			name = "Sample-ObjC";
			productName = "Sample-ObjC";
			productReference = EFE3EA6D1ED68DB30057B749 /* Sample-ObjC.app */;
			productType = "com.apple.product-type.application";
		};
/* End PBXNativeTarget section */

/* Begin PBXProject section */
		EFE3EA651ED68DB30057B749 /* Project object */ = {
			isa = PBXProject;
			attributes = {
				LastUpgradeCheck = 0830;
				ORGANIZATIONNAME = "Crypton Future Media .Inc";
				TargetAttributes = {
					EFE3EA6C1ED68DB30057B749 = {
						CreatedOnToolsVersion = 8.3.2;
						DevelopmentTeam = 39DG2PRNPX;
						ProvisioningStyle = Automatic;
					};
				};
			};
			buildConfigurationList = EFE3EA681ED68DB30057B749 /* Build configuration list for PBXProject "Sample-ObjC" */;
			compatibilityVersion = "Xcode 3.2";
			developmentRegion = English;
			hasScannedForEncodings = 0;
			knownRegions = (
				en,
				Base,
			);
			mainGroup = EFE3EA641ED68DB30057B749;
			productRefGroup = EFE3EA6E1ED68DB30057B749 /* Products */;
			projectDirPath = "";
			projectReferences = (
				{
					ProductGroup = EFE3EA9F1ED68E7A0057B749 /* Products */;
					ProjectRef = EFE3EA9E1ED68E7A0057B749 /* Blocks-ObjC.xcodeproj */;
				},
			);
			projectRoot = "";
			targets = (
				EFE3EA6C1ED68DB30057B749 /* Sample-ObjC */,
			);
		};
/* End PBXProject section */

/* Begin PBXReferenceProxy section */
		EFE3EAA31ED68E7A0057B749 /* libBlocks-ObjC.a */ = {
			isa = PBXReferenceProxy;
			fileType = archive.ar;
			path = "libBlocks-ObjC.a";
			remoteRef = EFE3EAA21ED68E7A0057B749 /* PBXContainerItemProxy */;
			sourceTree = BUILT_PRODUCTS_DIR;
		};
/* End PBXReferenceProxy section */

/* Begin PBXResourcesBuildPhase section */
		EFE3EA6B1ED68DB30057B749 /* Resources */ = {
			isa = PBXResourcesBuildPhase;
			buildActionMask = 2147483647;
			files = (
				EFE3EA801ED68DB30057B749 /* LaunchScreen.storyboard in Resources */,
				EFE3EA7D1ED68DB30057B749 /* Assets.xcassets in Resources */,
				EFE3EA7B1ED68DB30057B749 /* Main.storyboard in Resources */,
			);
			runOnlyForDeploymentPostprocessing = 0;
		};
/* End PBXResourcesBuildPhase section */

/* Begin PBXSourcesBuildPhase section */
		EFE3EA691ED68DB30057B749 /* Sources */ = {
			isa = PBXSourcesBuildPhase;
			buildActionMask = 2147483647;
			files = (
				EFE3EA781ED68DB30057B749 /* ViewController.m in Sources */,
				EFE3EA751ED68DB30057B749 /* AppDelegate.mm in Sources */,
				EFE3EA721ED68DB30057B749 /* main.m in Sources */,
			);
			runOnlyForDeploymentPostprocessing = 0;
		};
/* End PBXSourcesBuildPhase section */

/* Begin PBXVariantGroup section */
		EFE3EA791ED68DB30057B749 /* Main.storyboard */ = {
			isa = PBXVariantGroup;
			children = (
				EFE3EA7A1ED68DB30057B749 /* Base */,
			);
			name = Main.storyboard;
			sourceTree = "<group>";
		};
		EFE3EA7E1ED68DB30057B749 /* LaunchScreen.storyboard */ = {
			isa = PBXVariantGroup;
			children = (
				EFE3EA7F1ED68DB30057B749 /* Base */,
			);
			name = LaunchScreen.storyboard;
			sourceTree = "<group>";
		};
/* End PBXVariantGroup section */

/* Begin XCBuildConfiguration section */
		EFE3EA821ED68DB30057B749 /* Debug */ = {
			isa = XCBuildConfiguration;
			buildSettings = {
				ALWAYS_SEARCH_USER_PATHS = NO;
				CLANG_ANALYZER_NONNULL = YES;
				CLANG_ANALYZER_NUMBER_OBJECT_CONVERSION = YES_AGGRESSIVE;
				CLANG_CXX_LANGUAGE_STANDARD = "gnu++0x";
				CLANG_CXX_LIBRARY = "libc++";
				CLANG_ENABLE_MODULES = YES;
				CLANG_ENABLE_OBJC_ARC = YES;
				CLANG_WARN_BOOL_CONVERSION = YES;
				CLANG_WARN_CONSTANT_CONVERSION = YES;
				CLANG_WARN_DIRECT_OBJC_ISA_USAGE = YES_ERROR;
				CLANG_WARN_DOCUMENTATION_COMMENTS = YES;
				CLANG_WARN_EMPTY_BODY = YES;
				CLANG_WARN_ENUM_CONVERSION = YES;
				CLANG_WARN_INFINITE_RECURSION = YES;
				CLANG_WARN_INT_CONVERSION = YES;
				CLANG_WARN_OBJC_ROOT_CLASS = YES_ERROR;
				CLANG_WARN_SUSPICIOUS_MOVE = YES;
				CLANG_WARN_UNREACHABLE_CODE = YES;
				CLANG_WARN__DUPLICATE_METHOD_MATCH = YES;
				"CODE_SIGN_IDENTITY[sdk=iphoneos*]" = "iPhone Developer";
				COPY_PHASE_STRIP = NO;
				DEBUG_INFORMATION_FORMAT = dwarf;
				ENABLE_STRICT_OBJC_MSGSEND = YES;
				ENABLE_TESTABILITY = YES;
				GCC_C_LANGUAGE_STANDARD = gnu99;
				GCC_DYNAMIC_NO_PIC = NO;
				GCC_NO_COMMON_BLOCKS = YES;
				GCC_OPTIMIZATION_LEVEL = 0;
				GCC_PREPROCESSOR_DEFINITIONS = (
					"DEBUG=1",
					"$(inherited)",
				);
				GCC_WARN_64_TO_32_BIT_CONVERSION = YES;
				GCC_WARN_ABOUT_RETURN_TYPE = YES_ERROR;
				GCC_WARN_UNDECLARED_SELECTOR = YES;
				GCC_WARN_UNINITIALIZED_AUTOS = YES_AGGRESSIVE;
				GCC_WARN_UNUSED_FUNCTION = YES;
				GCC_WARN_UNUSED_VARIABLE = YES;
				IPHONEOS_DEPLOYMENT_TARGET = 10.3;
				MTL_ENABLE_DEBUG_INFO = YES;
				ONLY_ACTIVE_ARCH = YES;
				SDKROOT = iphoneos;
			};
			name = Debug;
		};
		EFE3EA831ED68DB30057B749 /* Release */ = {
			isa = XCBuildConfiguration;
			buildSettings = {
				ALWAYS_SEARCH_USER_PATHS = NO;
				CLANG_ANALYZER_NONNULL = YES;
				CLANG_ANALYZER_NUMBER_OBJECT_CONVERSION = YES_AGGRESSIVE;
				CLANG_CXX_LANGUAGE_STANDARD = "gnu++0x";
				CLANG_CXX_LIBRARY = "libc++";
				CLANG_ENABLE_MODULES = YES;
				CLANG_ENABLE_OBJC_ARC = YES;
				CLANG_WARN_BOOL_CONVERSION = YES;
				CLANG_WARN_CONSTANT_CONVERSION = YES;
				CLANG_WARN_DIRECT_OBJC_ISA_USAGE = YES_ERROR;
				CLANG_WARN_DOCUMENTATION_COMMENTS = YES;
				CLANG_WARN_EMPTY_BODY = YES;
				CLANG_WARN_ENUM_CONVERSION = YES;
				CLANG_WARN_INFINITE_RECURSION = YES;
				CLANG_WARN_INT_CONVERSION = YES;
				CLANG_WARN_OBJC_ROOT_CLASS = YES_ERROR;
				CLANG_WARN_SUSPICIOUS_MOVE = YES;
				CLANG_WARN_UNREACHABLE_CODE = YES;
				CLANG_WARN__DUPLICATE_METHOD_MATCH = YES;
				"CODE_SIGN_IDENTITY[sdk=iphoneos*]" = "iPhone Developer";
				COPY_PHASE_STRIP = NO;
				DEBUG_INFORMATION_FORMAT = "dwarf-with-dsym";
				ENABLE_NS_ASSERTIONS = NO;
				ENABLE_STRICT_OBJC_MSGSEND = YES;
				GCC_C_LANGUAGE_STANDARD = gnu99;
				GCC_NO_COMMON_BLOCKS = YES;
				GCC_WARN_64_TO_32_BIT_CONVERSION = YES;
				GCC_WARN_ABOUT_RETURN_TYPE = YES_ERROR;
				GCC_WARN_UNDECLARED_SELECTOR = YES;
				GCC_WARN_UNINITIALIZED_AUTOS = YES_AGGRESSIVE;
				GCC_WARN_UNUSED_FUNCTION = YES;
				GCC_WARN_UNUSED_VARIABLE = YES;
				IPHONEOS_DEPLOYMENT_TARGET = 10.3;
				MTL_ENABLE_DEBUG_INFO = NO;
				SDKROOT = iphoneos;
				VALIDATE_PRODUCT = YES;
			};
			name = Release;
		};
		EFE3EA851ED68DB30057B749 /* Debug */ = {
			isa = XCBuildConfiguration;
			buildSettings = {
				ASSETCATALOG_COMPILER_APPICON_NAME = AppIcon;
				DEVELOPMENT_TEAM = 39DG2PRNPX;
				HEADER_SEARCH_PATHS = (
					"../Blocks-ObjC/Blocks-ObjC/Builds/iOS",
					"../Blocks-ObjC/Blocks-ObjC/JuceLibraryCode",
					"../Blocks-ObjC/Blocks-ObjC/JuceLibraryCode/modules",
				);
				INFOPLIST_FILE = "Sample-ObjC/Info.plist";
				LD_RUNPATH_SEARCH_PATHS = "$(inherited) @executable_path/Frameworks";
				PRODUCT_BUNDLE_IDENTIFIER = "jp.co.crypton.Sample-ObjC";
				PRODUCT_NAME = "$(TARGET_NAME)";
			};
			name = Debug;
		};
		EFE3EA861ED68DB30057B749 /* Release */ = {
			isa = XCBuildConfiguration;
			buildSettings = {
				ASSETCATALOG_COMPILER_APPICON_NAME = AppIcon;
				DEVELOPMENT_TEAM = 39DG2PRNPX;
				HEADER_SEARCH_PATHS = (
					"../Blocks-ObjC/Blocks-ObjC/Builds/iOS",
					"../Blocks-ObjC/Blocks-ObjC/JuceLibraryCode",
					"../Blocks-ObjC/Blocks-ObjC/JuceLibraryCode/modules",
				);
				INFOPLIST_FILE = "Sample-ObjC/Info.plist";
				LD_RUNPATH_SEARCH_PATHS = "$(inherited) @executable_path/Frameworks";
				PRODUCT_BUNDLE_IDENTIFIER = "jp.co.crypton.Sample-ObjC";
				PRODUCT_NAME = "$(TARGET_NAME)";
			};
			name = Release;
		};
/* End XCBuildConfiguration section */

/* Begin XCConfigurationList section */
		EFE3EA681ED68DB30057B749 /* Build configuration list for PBXProject "Sample-ObjC" */ = {
			isa = XCConfigurationList;
			buildConfigurations = (
				EFE3EA821ED68DB30057B749 /* Debug */,
				EFE3EA831ED68DB30057B749 /* Release */,
			);
			defaultConfigurationIsVisible = 0;
			defaultConfigurationName = Release;
		};
		EFE3EA841ED68DB30057B749 /* Build configuration list for PBXNativeTarget "Sample-ObjC" */ = {
			isa = XCConfigurationList;
			buildConfigurations = (
				EFE3EA851ED68DB30057B749 /* Debug */,
				EFE3EA861ED68DB30057B749 /* Release */,
			);
			defaultConfigurationIsVisible = 0;
		};
/* End XCConfigurationList section */
	};
	rootObject = EFE3EA651ED68DB30057B749 /* Project object */;
}
