// !$*UTF8*$!
{
	archiveVersion = 1;
	classes = {
	};
	objectVersion = 46;
	objects = {

/* Begin PBXGroup section */
		EFE3E9E61ED68BED0057B749 = {
			isa = PBXGroup;
			children = (
			);
			sourceTree = "<group>";
		};
/* End PBXGroup section */

/* Begin PBXProject section */
		EFE3E9E71ED68BED0057B749 /* Project object */ = {
			isa = PBXProject;
			attributes = {
				LastUpgradeCheck = 0830;
			};
			buildConfigurationList = EFE3E9EA1ED68BED0057B749 /* Build configuration list for PBXProject "BlocksSample" */;
			compatibilityVersion = "Xcode 3.2";
			developmentRegion = English;
			hasScannedForEncodings = 0;
			knownRegions = (
				en,
			);
			mainGroup = EFE3E9E61ED68BED0057B749;
			projectDirPath = "";
			projectRoot = "";
			targets = (
			);
		};
/* End PBXProject section */

/* Begin XCBuildConfiguration section */
		EFE3E9EB1ED68BED0057B749 /* Debug */ = {
			isa = XCBuildConfiguration;
			buildSettings = {
			};
			name = Debug;
		};
		EFE3E9EC1ED68BED0057B749 /* Release */ = {
			isa = XCBuildConfiguration;
			buildSettings = {
			};
			name = Release;
		};
/* End XCBuildConfiguration section */

/* Begin XCConfigurationList section */
		EFE3E9EA1ED68BED0057B749 /* Build configuration list for PBXProject "BlocksSample" */ = {
			isa = XCConfigurationList;
			buildConfigurations = (
				EFE3E9EB1ED68BED0057B749 /* Debug */,
				EFE3E9EC1ED68BED0057B749 /* Release */,
			);
			defaultConfigurationIsVisible = 0;
			defaultConfigurationName = Release;
		};
/* End XCConfigurationList section */
	};
	rootObject = EFE3E9E71ED68BED0057B749 /* Project object */;
}
